Microsoft Visual Studio Solution File, Format Version 11.00
# Visual Studio 2008

Project("{B3381E6F-58E8-E2E8-E216-B0BAA9DFC1EA}") = "HMSWebTest", "Assembly-CSharp.csproj", "{9FE97865-1EB9-F3C9-A018-EAD465FCD735}"
EndProject
Project("{B3381E6F-58E8-E2E8-E216-B0BAA9DFC1EA}") = "HMSWebTest", "Assembly-CSharp-Editor.csproj", "{25C4EA98-B32B-5165-29C0-87C08BDF60AB}"
EndProject
Global
	GlobalSection(SolutionConfigurationPlatforms) = preSolution
		Debug|Any CPU = Debug|Any CPU
		Release|Any CPU = Release|Any CPU
	EndGlobalSection
	GlobalSection(ProjectConfigurationPlatforms) = postSolution
		{9FE97865-1EB9-F3C9-A018-EAD465FCD735}.Debug|Any CPU.ActiveCfg = Debug|Any CPU
		{9FE97865-1EB9-F3C9-A018-EAD465FCD735}.Debug|Any CPU.Build.0 = Debug|Any CPU
		{9FE97865-1EB9-F3C9-A018-EAD465FCD735}.Release|Any CPU.ActiveCfg = Release|Any CPU
		{9FE97865-1EB9-F3C9-A018-EAD465FCD735}.Release|Any CPU.Build.0 = Release|Any CPU
		{25C4EA98-B32B-5165-29C0-87C08BDF60AB}.Debug|Any CPU.ActiveCfg = Debug|Any CPU
		{25C4EA98-B32B-5165-29C0-87C08BDF60AB}.Debug|Any CPU.Build.0 = Debug|Any CPU
		{25C4EA98-B32B-5165-29C0-87C08BDF60AB}.Release|Any CPU.ActiveCfg = Release|Any CPU
		{25C4EA98-B32B-5165-29C0-87C08BDF60AB}.Release|Any CPU.Build.0 = Release|Any CPU
	EndGlobalSection
	GlobalSection(SolutionProperties) = preSolution
		HideSolutionNode = FALSE
	EndGlobalSection
						GlobalSection(MonoDevelopProperties) = preSolution
		StartupItem = Assembly-CSharp.csproj
		Policies = $0
		$0.TextStylePolicy = $1
		$1.inheritsSet = null
		$1.scope = text/x-csharp
		$0.CSharpFormattingPolicy = $2
		$2.inheritsSet = Mono
		$2.inheritsScope = text/x-csharp
		$2.scope = text/x-csharp
		$0.TextStylePolicy = $3
		$3.FileWidth = 120
		$3.TabWidth = 4
		$3.IndentWidth = 4
		$3.EolMarker = Unix
		$3.inheritsSet = Mono
		$3.inheritsScope = text/plain
		$3.scope = text/plain
	EndGlobalSection
EndGlobal
